
Microsoft Visual Studio Solution File, Format Version 12.00
# Visual Studio Version 17
VisualStudioVersion = 17.13.35806.99 d17.13
MinimumVisualStudioVersion = 10.0.40219.1
Project("{FAE04EC0-301F-11D3-BF4B-00C04F79EFBC}") = "EquipmentRentalAPI", "EquipmentRentalAPI.csproj", "{A6DB7673-A8B9-4C12-8560-FFB08F26E928}"
EndProject
Global
	GlobalSection(SolutionConfigurationPlatforms) = preSolution
		Debug|Any CPU = Debug|Any CPU
		Release|Any CPU = Release|Any CPU
	EndGlobalSection
	GlobalSection(ProjectConfigurationPlatforms) = postSolution
		{A6DB7673-A8B9-4C12-8560-FFB08F26E928}.Debug|Any CPU.ActiveCfg = Debug|Any CPU
		{A6DB7673-A8B9-4C12-8560-FFB08F26E928}.Debug|Any CPU.Build.0 = Debug|Any CPU
		{A6DB7673-A8B9-4C12-8560-FFB08F26E928}.Release|Any CPU.ActiveCfg = Release|Any CPU
		{A6DB7673-A8B9-4C12-8560-FFB08F26E928}.Release|Any CPU.Build.0 = Release|Any CPU
	EndGlobalSection
	GlobalSection(SolutionProperties) = preSolution
		HideSolutionNode = FALSE
	EndGlobalSection
	GlobalSection(ExtensibilityGlobals) = postSolution
		SolutionGuid = {7C63C1CE-627D-4F0F-A9F4-0EF70CB15239}
	EndGlobalSection
EndGlobal
